
Microsoft Visual Studio Solution File, Format Version 12.00
# Visual Studio Version 16
VisualStudioVersion = 16.0.31729.503
MinimumVisualStudioVersion = 10.0.40219.1
Project("{FAE04EC0-301F-11D3-BF4B-00C04F79EFBC}") = "DiabetesTracker.Android", "DiabetesTracker\DiabetesTracker.Android\DiabetesTracker.Android.csproj", "{463A5865-B06D-4C3C-8119-41F620C6692C}"
EndProject
Project("{FAE04EC0-301F-11D3-BF4B-00C04F79EFBC}") = "DiabetesTracker.iOS", "DiabetesTracker\DiabetesTracker.iOS\DiabetesTracker.iOS.csproj", "{4DA66CCD-E344-4886-A75B-5F5FBF192506}"
EndProject
Project("{FAE04EC0-301F-11D3-BF4B-00C04F79EFBC}") = "DiabetesTracker", "DiabetesTracker\DiabetesTracker\DiabetesTracker.csproj", "{0A49C790-BCAE-43C3-BE98-8E889EB3CEA8}"
EndProject
Global
	GlobalSection(SolutionConfigurationPlatforms) = preSolution
		Debug|Any CPU = Debug|Any CPU
		Debug|iPhone = Debug|iPhone
		Debug|iPhoneSimulator = Debug|iPhoneSimulator
		Release|Any CPU = Release|Any CPU
		Release|iPhone = Release|iPhone
		Release|iPhoneSimulator = Release|iPhoneSimulator
	EndGlobalSection
	GlobalSection(ProjectConfigurationPlatforms) = postSolution
		{463A5865-B06D-4C3C-8119-41F620C6692C}.Debug|Any CPU.ActiveCfg = Debug|Any CPU
		{463A5865-B06D-4C3C-8119-41F620C6692C}.Debug|Any CPU.Build.0 = Debug|Any CPU
		{463A5865-B06D-4C3C-8119-41F620C6692C}.Debug|Any CPU.Deploy.0 = Debug|Any CPU
		{463A5865-B06D-4C3C-8119-41F620C6692C}.Debug|iPhone.ActiveCfg = Debug|Any CPU
		{463A5865-B06D-4C3C-8119-41F620C6692C}.Debug|iPhone.Build.0 = Debug|Any CPU
		{463A5865-B06D-4C3C-8119-41F620C6692C}.Debug|iPhone.Deploy.0 = Debug|Any CPU
		{463A5865-B06D-4C3C-8119-41F620C6692C}.Debug|iPhoneSimulator.ActiveCfg = Debug|Any CPU
		{463A5865-B06D-4C3C-8119-41F620C6692C}.Debug|iPhoneSimulator.Build.0 = Debug|Any CPU
		{463A5865-B06D-4C3C-8119-41F620C6692C}.Debug|iPhoneSimulator.Deploy.0 = Debug|Any CPU
		{463A5865-B06D-4C3C-8119-41F620C6692C}.Release|Any CPU.ActiveCfg = Release|Any CPU
		{463A5865-B06D-4C3C-8119-41F620C6692C}.Release|Any CPU.Build.0 = Release|Any CPU
		{463A5865-B06D-4C3C-8119-41F620C6692C}.Release|Any CPU.Deploy.0 = Release|Any CPU
		{463A5865-B06D-4C3C-8119-41F620C6692C}.Release|iPhone.ActiveCfg = Release|Any CPU
		{463A5865-B06D-4C3C-8119-41F620C6692C}.Release|iPhone.Build.0 = Release|Any CPU
		{463A5865-B06D-4C3C-8119-41F620C6692C}.Release|iPhone.Deploy.0 = Release|Any CPU
		{463A5865-B06D-4C3C-8119-41F620C6692C}.Release|iPhoneSimulator.ActiveCfg = Release|Any CPU
		{463A5865-B06D-4C3C-8119-41F620C6692C}.Release|iPhoneSimulator.Build.0 = Release|Any CPU
		{463A5865-B06D-4C3C-8119-41F620C6692C}.Release|iPhoneSimulator.Deploy.0 = Release|Any CPU
		{4DA66CCD-E344-4886-A75B-5F5FBF192506}.Debug|Any CPU.ActiveCfg = Debug|iPhoneSimulator
		{4DA66CCD-E344-4886-A75B-5F5FBF192506}.Debug|iPhone.ActiveCfg = Debug|iPhone
		{4DA66CCD-E344-4886-A75B-5F5FBF192506}.Debug|iPhone.Build.0 = Debug|iPhone
		{4DA66CCD-E344-4886-A75B-5F5FBF192506}.Debug|iPhoneSimulator.ActiveCfg = Debug|iPhoneSimulator
		{4DA66CCD-E344-4886-A75B-5F5FBF192506}.Debug|iPhoneSimulator.Build.0 = Debug|iPhoneSimulator
		{4DA66CCD-E344-4886-A75B-5F5FBF192506}.Release|Any CPU.ActiveCfg = Release|iPhoneSimulator
		{4DA66CCD-E344-4886-A75B-5F5FBF192506}.Release|iPhone.ActiveCfg = Release|iPhone
		{4DA66CCD-E344-4886-A75B-5F5FBF192506}.Release|iPhone.Build.0 = Release|iPhone
		{4DA66CCD-E344-4886-A75B-5F5FBF192506}.Release|iPhoneSimulator.ActiveCfg = Release|iPhoneSimulator
		{4DA66CCD-E344-4886-A75B-5F5FBF192506}.Release|iPhoneSimulator.Build.0 = Release|iPhoneSimulator
		{0A49C790-BCAE-43C3-BE98-8E889EB3CEA8}.Debug|Any CPU.ActiveCfg = Debug|Any CPU
		{0A49C790-BCAE-43C3-BE98-8E889EB3CEA8}.Debug|Any CPU.Build.0 = Debug|Any CPU
		{0A49C790-BCAE-43C3-BE98-8E889EB3CEA8}.Debug|iPhone.ActiveCfg = Debug|Any CPU
		{0A49C790-BCAE-43C3-BE98-8E889EB3CEA8}.Debug|iPhone.Build.0 = Debug|Any CPU
		{0A49C790-BCAE-43C3-BE98-8E889EB3CEA8}.Debug|iPhoneSimulator.ActiveCfg = Debug|Any CPU
		{0A49C790-BCAE-43C3-BE98-8E889EB3CEA8}.Debug|iPhoneSimulator.Build.0 = Debug|Any CPU
		{0A49C790-BCAE-43C3-BE98-8E889EB3CEA8}.Release|Any CPU.ActiveCfg = Release|Any CPU
		{0A49C790-BCAE-43C3-BE98-8E889EB3CEA8}.Release|Any CPU.Build.0 = Release|Any CPU
		{0A49C790-BCAE-43C3-BE98-8E889EB3CEA8}.Release|iPhone.ActiveCfg = Release|Any CPU
		{0A49C790-BCAE-43C3-BE98-8E889EB3CEA8}.Release|iPhone.Build.0 = Release|Any CPU
		{0A49C790-BCAE-43C3-BE98-8E889EB3CEA8}.Release|iPhoneSimulator.ActiveCfg = Release|Any CPU
		{0A49C790-BCAE-43C3-BE98-8E889EB3CEA8}.Release|iPhoneSimulator.Build.0 = Release|Any CPU
	EndGlobalSection
	GlobalSection(SolutionProperties) = preSolution
		HideSolutionNode = FALSE
	EndGlobalSection
	GlobalSection(ExtensibilityGlobals) = postSolution
		SolutionGuid = {789BEE9F-BB98-4F85-AD93-970FA8DF8395}
	EndGlobalSection
EndGlobal
