
Microsoft Visual Studio Solution File, Format Version 12.00
# Visual Studio Version 17
VisualStudioVersion = 17.1.32421.90
MinimumVisualStudioVersion = 10.0.40219.1
Project("{9A19103F-16F7-4668-BE54-9A1E7A4F7556}") = "DiabetesTracker", "DiabetesTracker\DiabetesTracker.csproj", "{9D763B7F-5ECD-42E9-BD28-E2AB464275FD}"
EndProject
Project("{FAE04EC0-301F-11D3-BF4B-00C04F79EFBC}") = "BusinessLogicLayer", "BusinessLogicLayer\BusinessLogicLayer.csproj", "{D5909795-9754-46BE-8B89-06D2A40BC8C5}"
EndProject
Project("{FAE04EC0-301F-11D3-BF4B-00C04F79EFBC}") = "DataAccessLayer", "DataAccessLayer\DataAccessLayer.csproj", "{686C2480-B309-4E9C-8CA6-EAC13ECD1CFD}"
EndProject
Global
	GlobalSection(SolutionConfigurationPlatforms) = preSolution
		Debug|Any CPU = Debug|Any CPU
		Debug|ARM = Debug|ARM
		Debug|ARM64 = Debug|ARM64
		Debug|x64 = Debug|x64
		Debug|x86 = Debug|x86
		Release|Any CPU = Release|Any CPU
		Release|ARM = Release|ARM
		Release|ARM64 = Release|ARM64
		Release|x64 = Release|x64
		Release|x86 = Release|x86
	EndGlobalSection
	GlobalSection(ProjectConfigurationPlatforms) = postSolution
		{9D763B7F-5ECD-42E9-BD28-E2AB464275FD}.Debug|Any CPU.ActiveCfg = Debug|Any CPU
		{9D763B7F-5ECD-42E9-BD28-E2AB464275FD}.Debug|Any CPU.Build.0 = Debug|Any CPU
		{9D763B7F-5ECD-42E9-BD28-E2AB464275FD}.Debug|ARM.ActiveCfg = Debug|Any CPU
		{9D763B7F-5ECD-42E9-BD28-E2AB464275FD}.Debug|ARM.Build.0 = Debug|Any CPU
		{9D763B7F-5ECD-42E9-BD28-E2AB464275FD}.Debug|ARM64.ActiveCfg = Debug|Any CPU
		{9D763B7F-5ECD-42E9-BD28-E2AB464275FD}.Debug|ARM64.Build.0 = Debug|Any CPU
		{9D763B7F-5ECD-42E9-BD28-E2AB464275FD}.Debug|x64.ActiveCfg = Debug|Any CPU
		{9D763B7F-5ECD-42E9-BD28-E2AB464275FD}.Debug|x64.Build.0 = Debug|Any CPU
		{9D763B7F-5ECD-42E9-BD28-E2AB464275FD}.Debug|x86.ActiveCfg = Debug|Any CPU
		{9D763B7F-5ECD-42E9-BD28-E2AB464275FD}.Debug|x86.Build.0 = Debug|Any CPU
		{9D763B7F-5ECD-42E9-BD28-E2AB464275FD}.Release|Any CPU.ActiveCfg = Release|Any CPU
		{9D763B7F-5ECD-42E9-BD28-E2AB464275FD}.Release|Any CPU.Build.0 = Release|Any CPU
		{9D763B7F-5ECD-42E9-BD28-E2AB464275FD}.Release|ARM.ActiveCfg = Release|Any CPU
		{9D763B7F-5ECD-42E9-BD28-E2AB464275FD}.Release|ARM.Build.0 = Release|Any CPU
		{9D763B7F-5ECD-42E9-BD28-E2AB464275FD}.Release|ARM64.ActiveCfg = Release|Any CPU
		{9D763B7F-5ECD-42E9-BD28-E2AB464275FD}.Release|ARM64.Build.0 = Release|Any CPU
		{9D763B7F-5ECD-42E9-BD28-E2AB464275FD}.Release|x64.ActiveCfg = Release|Any CPU
		{9D763B7F-5ECD-42E9-BD28-E2AB464275FD}.Release|x64.Build.0 = Release|Any CPU
		{9D763B7F-5ECD-42E9-BD28-E2AB464275FD}.Release|x86.ActiveCfg = Release|Any CPU
		{9D763B7F-5ECD-42E9-BD28-E2AB464275FD}.Release|x86.Build.0 = Release|Any CPU
		{D5909795-9754-46BE-8B89-06D2A40BC8C5}.Debug|Any CPU.ActiveCfg = Debug|Any CPU
		{D5909795-9754-46BE-8B89-06D2A40BC8C5}.Debug|Any CPU.Build.0 = Debug|Any CPU
		{D5909795-9754-46BE-8B89-06D2A40BC8C5}.Debug|ARM.ActiveCfg = Debug|Any CPU
		{D5909795-9754-46BE-8B89-06D2A40BC8C5}.Debug|ARM.Build.0 = Debug|Any CPU
		{D5909795-9754-46BE-8B89-06D2A40BC8C5}.Debug|ARM64.ActiveCfg = Debug|Any CPU
		{D5909795-9754-46BE-8B89-06D2A40BC8C5}.Debug|ARM64.Build.0 = Debug|Any CPU
		{D5909795-9754-46BE-8B89-06D2A40BC8C5}.Debug|x64.ActiveCfg = Debug|Any CPU
		{D5909795-9754-46BE-8B89-06D2A40BC8C5}.Debug|x64.Build.0 = Debug|Any CPU
		{D5909795-9754-46BE-8B89-06D2A40BC8C5}.Debug|x86.ActiveCfg = Debug|Any CPU
		{D5909795-9754-46BE-8B89-06D2A40BC8C5}.Debug|x86.Build.0 = Debug|Any CPU
		{D5909795-9754-46BE-8B89-06D2A40BC8C5}.Release|Any CPU.ActiveCfg = Release|Any CPU
		{D5909795-9754-46BE-8B89-06D2A40BC8C5}.Release|Any CPU.Build.0 = Release|Any CPU
		{D5909795-9754-46BE-8B89-06D2A40BC8C5}.Release|ARM.ActiveCfg = Release|Any CPU
		{D5909795-9754-46BE-8B89-06D2A40BC8C5}.Release|ARM.Build.0 = Release|Any CPU
		{D5909795-9754-46BE-8B89-06D2A40BC8C5}.Release|ARM64.ActiveCfg = Release|Any CPU
		{D5909795-9754-46BE-8B89-06D2A40BC8C5}.Release|ARM64.Build.0 = Release|Any CPU
		{D5909795-9754-46BE-8B89-06D2A40BC8C5}.Release|x64.ActiveCfg = Release|Any CPU
		{D5909795-9754-46BE-8B89-06D2A40BC8C5}.Release|x64.Build.0 = Release|Any CPU
		{D5909795-9754-46BE-8B89-06D2A40BC8C5}.Release|x86.ActiveCfg = Release|Any CPU
		{D5909795-9754-46BE-8B89-06D2A40BC8C5}.Release|x86.Build.0 = Release|Any CPU
		{686C2480-B309-4E9C-8CA6-EAC13ECD1CFD}.Debug|Any CPU.ActiveCfg = Debug|Any CPU
		{686C2480-B309-4E9C-8CA6-EAC13ECD1CFD}.Debug|Any CPU.Build.0 = Debug|Any CPU
		{686C2480-B309-4E9C-8CA6-EAC13ECD1CFD}.Debug|ARM.ActiveCfg = Debug|Any CPU
		{686C2480-B309-4E9C-8CA6-EAC13ECD1CFD}.Debug|ARM.Build.0 = Debug|Any CPU
		{686C2480-B309-4E9C-8CA6-EAC13ECD1CFD}.Debug|ARM64.ActiveCfg = Debug|Any CPU
		{686C2480-B309-4E9C-8CA6-EAC13ECD1CFD}.Debug|ARM64.Build.0 = Debug|Any CPU
		{686C2480-B309-4E9C-8CA6-EAC13ECD1CFD}.Debug|x64.ActiveCfg = Debug|Any CPU
		{686C2480-B309-4E9C-8CA6-EAC13ECD1CFD}.Debug|x64.Build.0 = Debug|Any CPU
		{686C2480-B309-4E9C-8CA6-EAC13ECD1CFD}.Debug|x86.ActiveCfg = Debug|Any CPU
		{686C2480-B309-4E9C-8CA6-EAC13ECD1CFD}.Debug|x86.Build.0 = Debug|Any CPU
		{686C2480-B309-4E9C-8CA6-EAC13ECD1CFD}.Release|Any CPU.ActiveCfg = Release|Any CPU
		{686C2480-B309-4E9C-8CA6-EAC13ECD1CFD}.Release|Any CPU.Build.0 = Release|Any CPU
		{686C2480-B309-4E9C-8CA6-EAC13ECD1CFD}.Release|ARM.ActiveCfg = Release|Any CPU
		{686C2480-B309-4E9C-8CA6-EAC13ECD1CFD}.Release|ARM.Build.0 = Release|Any CPU
		{686C2480-B309-4E9C-8CA6-EAC13ECD1CFD}.Release|ARM64.ActiveCfg = Release|Any CPU
		{686C2480-B309-4E9C-8CA6-EAC13ECD1CFD}.Release|ARM64.Build.0 = Release|Any CPU
		{686C2480-B309-4E9C-8CA6-EAC13ECD1CFD}.Release|x64.ActiveCfg = Release|Any CPU
		{686C2480-B309-4E9C-8CA6-EAC13ECD1CFD}.Release|x64.Build.0 = Release|Any CPU
		{686C2480-B309-4E9C-8CA6-EAC13ECD1CFD}.Release|x86.ActiveCfg = Release|Any CPU
		{686C2480-B309-4E9C-8CA6-EAC13ECD1CFD}.Release|x86.Build.0 = Release|Any CPU
	EndGlobalSection
	GlobalSection(SolutionProperties) = preSolution
		HideSolutionNode = FALSE
	EndGlobalSection
	GlobalSection(ExtensibilityGlobals) = postSolution
		SolutionGuid = {789BEE9F-BB98-4F85-AD93-970FA8DF8395}
	EndGlobalSection
EndGlobal
